
Microsoft Visual Studio Solution File, Format Version 12.00
# Visual Studio Version 17
VisualStudioVersion = 17.8.34525.116
MinimumVisualStudioVersion = 10.0.40219.1
Project("{F184B08F-C81C-45F6-A57F-5ABD9991F28F}") = "JuliePOS", "JuliePOS.vbproj", "{5547F65C-7880-47CB-88A1-E921B5D5E52B}"
EndProject
Global
	GlobalSection(SolutionConfigurationPlatforms) = preSolution
		Debug|Any CPU = Debug|Any CPU
		Release|Any CPU = Release|Any CPU
	EndGlobalSection
	GlobalSection(ProjectConfigurationPlatforms) = postSolution
		{5547F65C-7880-47CB-88A1-E921B5D5E52B}.Debug|Any CPU.ActiveCfg = Debug|Any CPU
		{5547F65C-7880-47CB-88A1-E921B5D5E52B}.Debug|Any CPU.Build.0 = Debug|Any CPU
		{5547F65C-7880-47CB-88A1-E921B5D5E52B}.Release|Any CPU.ActiveCfg = Release|Any CPU
		{5547F65C-7880-47CB-88A1-E921B5D5E52B}.Release|Any CPU.Build.0 = Release|Any CPU
	EndGlobalSection
	GlobalSection(SolutionProperties) = preSolution
		HideSolutionNode = FALSE
	EndGlobalSection
	GlobalSection(ExtensibilityGlobals) = postSolution
		SolutionGuid = {F06B5D8A-49C6-49D2-84DA-269D4A2E85A3}
	EndGlobalSection
EndGlobal
